
Microsoft Visual Studio Solution File, Format Version 12.00
# Visual Studio 14
VisualStudioVersion = 14.0.25420.1
MinimumVisualStudioVersion = 10.0.40219.1
Project("{FAE04EC0-301F-11D3-BF4B-00C04F79EFBC}") = "ProjectWork", "ProjectWork\ProjectWork.csproj", "{D94EDE46-7AC9-4E90-9EE3-C145C45671F6}"
EndProject
Project("{FAE04EC0-301F-11D3-BF4B-00C04F79EFBC}") = "ProjectWork.UnitTests", "ProjectWork.UnitTests\ProjectWork.UnitTests.csproj", "{33277C99-7049-4F25-A14C-5C00910F4380}"
EndProject
Global
	GlobalSection(SolutionConfigurationPlatforms) = preSolution
		Debug|Any CPU = Debug|Any CPU
		Release|Any CPU = Release|Any CPU
	EndGlobalSection
	GlobalSection(ProjectConfigurationPlatforms) = postSolution
		{D94EDE46-7AC9-4E90-9EE3-C145C45671F6}.Debug|Any CPU.ActiveCfg = Debug|Any CPU
		{D94EDE46-7AC9-4E90-9EE3-C145C45671F6}.Debug|Any CPU.Build.0 = Debug|Any CPU
		{D94EDE46-7AC9-4E90-9EE3-C145C45671F6}.Release|Any CPU.ActiveCfg = Release|Any CPU
		{D94EDE46-7AC9-4E90-9EE3-C145C45671F6}.Release|Any CPU.Build.0 = Release|Any CPU
		{33277C99-7049-4F25-A14C-5C00910F4380}.Debug|Any CPU.ActiveCfg = Debug|Any CPU
		{33277C99-7049-4F25-A14C-5C00910F4380}.Debug|Any CPU.Build.0 = Debug|Any CPU
		{33277C99-7049-4F25-A14C-5C00910F4380}.Release|Any CPU.ActiveCfg = Release|Any CPU
		{33277C99-7049-4F25-A14C-5C00910F4380}.Release|Any CPU.Build.0 = Release|Any CPU
	EndGlobalSection
	GlobalSection(SolutionProperties) = preSolution
		HideSolutionNode = FALSE
	EndGlobalSection
EndGlobal
